
Microsoft Visual Studio Solution File, Format Version 12.00
# Visual Studio 14
VisualStudioVersion = 14.0.24720.0
MinimumVisualStudioVersion = 10.0.40219.1
Project("{2150E333-8FDC-42A3-9474-1A3956D46DE8}") = "Solution Items", "Solution Items", "{73945B4C-BBF5-4583-9312-16D65D28795B}"
	ProjectSection(SolutionItems) = preProject
		eStore3C.vsmdi = eStore3C.vsmdi
		Local.testsettings = Local.testsettings
		TraceAndTestImpact.testsettings = TraceAndTestImpact.testsettings
	EndProjectSection
EndProject
Project("{FAE04EC0-301F-11D3-BF4B-00C04F79EFBC}") = "eStore.Entities", "eStoreEntity\eStore.Entities.csproj", "{4E600E03-BF18-44D0-BDA5-A3EF76EDC9AE}"
EndProject
Project("{FAE04EC0-301F-11D3-BF4B-00C04F79EFBC}") = "eStore.POCOS", "esPOCOS\eStore.POCOS.csproj", "{D7F65428-E52C-481C-A7D7-B5216170A028}"
EndProject
Project("{FAE04EC0-301F-11D3-BF4B-00C04F79EFBC}") = "eStore.Utilities", "esUtilities\eStore.Utilities.csproj", "{C427CB0D-E042-4FC3-9395-5B7ED1F21C09}"
EndProject
Project("{FAE04EC0-301F-11D3-BF4B-00C04F79EFBC}") = "eStore.BusinessModules", "eStore.BusinessModules\eStore.BusinessModules.csproj", "{DFB9ECA4-E67F-4AAC-B6B1-9358075BB61E}"
	ProjectSection(ProjectDependencies) = postProject
		{C427CB0D-E042-4FC3-9395-5B7ED1F21C09} = {C427CB0D-E042-4FC3-9395-5B7ED1F21C09}
	EndProjectSection
EndProject
Project("{FAE04EC0-301F-11D3-BF4B-00C04F79EFBC}") = "TestProject1", "TestProject1\TestProject1.csproj", "{F9FEDAB2-CD5A-41EF-A819-5F54FFEC3F6E}"
EndProject
Project("{FAE04EC0-301F-11D3-BF4B-00C04F79EFBC}") = "eStore.Presentation", "eStore.Presentation\eStore.Presentation.csproj", "{87286F2E-8CB2-484D-B9CF-87EA382E2BCE}"
EndProject
Project("{FAE04EC0-301F-11D3-BF4B-00C04F79EFBC}") = "eStore.UI", "eStore.UI\eStore.UI.csproj", "{0029332A-3B50-49AE-9FEB-8329A99AE4AA}"
EndProject
Project("{FAE04EC0-301F-11D3-BF4B-00C04F79EFBC}") = "eStore.Proxy", "estore.proxy\eStore.Proxy.csproj", "{990A7A56-F875-431B-BAF2-0DC5F906AC60}"
EndProject
Project("{FAE04EC0-301F-11D3-BF4B-00C04F79EFBC}") = "SmartThreadPool", "SmartThreadPool\SmartThreadPool.csproj", "{74D4C33F-7CC8-4B2A-A7DF-D8B6E63B6EBD}"
EndProject
Global
	GlobalSection(SolutionConfigurationPlatforms) = preSolution
		Debug|Any CPU = Debug|Any CPU
		Debug|Mixed Platforms = Debug|Mixed Platforms
		Debug|x86 = Debug|x86
		Publish|Any CPU = Publish|Any CPU
		Publish|Mixed Platforms = Publish|Mixed Platforms
		Publish|x86 = Publish|x86
		Release|Any CPU = Release|Any CPU
		Release|Mixed Platforms = Release|Mixed Platforms
		Release|x86 = Release|x86
		uStore|Any CPU = uStore|Any CPU
		uStore|Mixed Platforms = uStore|Mixed Platforms
		uStore|x86 = uStore|x86
	EndGlobalSection
	GlobalSection(ProjectConfigurationPlatforms) = postSolution
		{4E600E03-BF18-44D0-BDA5-A3EF76EDC9AE}.Debug|Any CPU.ActiveCfg = Debug|Any CPU
		{4E600E03-BF18-44D0-BDA5-A3EF76EDC9AE}.Debug|Any CPU.Build.0 = Debug|Any CPU
		{4E600E03-BF18-44D0-BDA5-A3EF76EDC9AE}.Debug|Mixed Platforms.ActiveCfg = Debug|Any CPU
		{4E600E03-BF18-44D0-BDA5-A3EF76EDC9AE}.Debug|Mixed Platforms.Build.0 = Debug|Any CPU
		{4E600E03-BF18-44D0-BDA5-A3EF76EDC9AE}.Debug|x86.ActiveCfg = Debug|Any CPU
		{4E600E03-BF18-44D0-BDA5-A3EF76EDC9AE}.Publish|Any CPU.ActiveCfg = Release|Any CPU
		{4E600E03-BF18-44D0-BDA5-A3EF76EDC9AE}.Publish|Any CPU.Build.0 = Release|Any CPU
		{4E600E03-BF18-44D0-BDA5-A3EF76EDC9AE}.Publish|Mixed Platforms.ActiveCfg = Release|Any CPU
		{4E600E03-BF18-44D0-BDA5-A3EF76EDC9AE}.Publish|Mixed Platforms.Build.0 = Release|Any CPU
		{4E600E03-BF18-44D0-BDA5-A3EF76EDC9AE}.Publish|x86.ActiveCfg = Release|Any CPU
		{4E600E03-BF18-44D0-BDA5-A3EF76EDC9AE}.Release|Any CPU.ActiveCfg = Release|Any CPU
		{4E600E03-BF18-44D0-BDA5-A3EF76EDC9AE}.Release|Any CPU.Build.0 = Release|Any CPU
		{4E600E03-BF18-44D0-BDA5-A3EF76EDC9AE}.Release|Mixed Platforms.ActiveCfg = Release|Any CPU
		{4E600E03-BF18-44D0-BDA5-A3EF76EDC9AE}.Release|Mixed Platforms.Build.0 = Release|Any CPU
		{4E600E03-BF18-44D0-BDA5-A3EF76EDC9AE}.Release|x86.ActiveCfg = Release|Any CPU
		{4E600E03-BF18-44D0-BDA5-A3EF76EDC9AE}.uStore|Any CPU.ActiveCfg = uStore|Any CPU
		{4E600E03-BF18-44D0-BDA5-A3EF76EDC9AE}.uStore|Any CPU.Build.0 = uStore|Any CPU
		{4E600E03-BF18-44D0-BDA5-A3EF76EDC9AE}.uStore|Mixed Platforms.ActiveCfg = uStore|Any CPU
		{4E600E03-BF18-44D0-BDA5-A3EF76EDC9AE}.uStore|Mixed Platforms.Build.0 = uStore|Any CPU
		{4E600E03-BF18-44D0-BDA5-A3EF76EDC9AE}.uStore|x86.ActiveCfg = uStore|Any CPU
		{D7F65428-E52C-481C-A7D7-B5216170A028}.Debug|Any CPU.ActiveCfg = Debug|Any CPU
		{D7F65428-E52C-481C-A7D7-B5216170A028}.Debug|Any CPU.Build.0 = Debug|Any CPU
		{D7F65428-E52C-481C-A7D7-B5216170A028}.Debug|Mixed Platforms.ActiveCfg = Debug|Any CPU
		{D7F65428-E52C-481C-A7D7-B5216170A028}.Debug|Mixed Platforms.Build.0 = Debug|Any CPU
		{D7F65428-E52C-481C-A7D7-B5216170A028}.Debug|x86.ActiveCfg = Debug|Any CPU
		{D7F65428-E52C-481C-A7D7-B5216170A028}.Publish|Any CPU.ActiveCfg = Release|Any CPU
		{D7F65428-E52C-481C-A7D7-B5216170A028}.Publish|Any CPU.Build.0 = Release|Any CPU
		{D7F65428-E52C-481C-A7D7-B5216170A028}.Publish|Mixed Platforms.ActiveCfg = Release|Any CPU
		{D7F65428-E52C-481C-A7D7-B5216170A028}.Publish|Mixed Platforms.Build.0 = Release|Any CPU
		{D7F65428-E52C-481C-A7D7-B5216170A028}.Publish|x86.ActiveCfg = Release|Any CPU
		{D7F65428-E52C-481C-A7D7-B5216170A028}.Release|Any CPU.ActiveCfg = Release|Any CPU
		{D7F65428-E52C-481C-A7D7-B5216170A028}.Release|Any CPU.Build.0 = Release|Any CPU
		{D7F65428-E52C-481C-A7D7-B5216170A028}.Release|Mixed Platforms.ActiveCfg = Release|Any CPU
		{D7F65428-E52C-481C-A7D7-B5216170A028}.Release|Mixed Platforms.Build.0 = Release|Any CPU
		{D7F65428-E52C-481C-A7D7-B5216170A028}.Release|x86.ActiveCfg = Release|Any CPU
		{D7F65428-E52C-481C-A7D7-B5216170A028}.uStore|Any CPU.ActiveCfg = Release|Any CPU
		{D7F65428-E52C-481C-A7D7-B5216170A028}.uStore|Any CPU.Build.0 = Release|Any CPU
		{D7F65428-E52C-481C-A7D7-B5216170A028}.uStore|Mixed Platforms.ActiveCfg = Release|Any CPU
		{D7F65428-E52C-481C-A7D7-B5216170A028}.uStore|Mixed Platforms.Build.0 = Release|Any CPU
		{D7F65428-E52C-481C-A7D7-B5216170A028}.uStore|x86.ActiveCfg = Release|Any CPU
		{C427CB0D-E042-4FC3-9395-5B7ED1F21C09}.Debug|Any CPU.ActiveCfg = Debug|Any CPU
		{C427CB0D-E042-4FC3-9395-5B7ED1F21C09}.Debug|Any CPU.Build.0 = Debug|Any CPU
		{C427CB0D-E042-4FC3-9395-5B7ED1F21C09}.Debug|Mixed Platforms.ActiveCfg = Debug|Any CPU
		{C427CB0D-E042-4FC3-9395-5B7ED1F21C09}.Debug|Mixed Platforms.Build.0 = Debug|Any CPU
		{C427CB0D-E042-4FC3-9395-5B7ED1F21C09}.Debug|x86.ActiveCfg = Debug|Any CPU
		{C427CB0D-E042-4FC3-9395-5B7ED1F21C09}.Publish|Any CPU.ActiveCfg = Local|Any CPU
		{C427CB0D-E042-4FC3-9395-5B7ED1F21C09}.Publish|Any CPU.Build.0 = Local|Any CPU
		{C427CB0D-E042-4FC3-9395-5B7ED1F21C09}.Publish|Mixed Platforms.ActiveCfg = Local|Any CPU
		{C427CB0D-E042-4FC3-9395-5B7ED1F21C09}.Publish|Mixed Platforms.Build.0 = Local|Any CPU
		{C427CB0D-E042-4FC3-9395-5B7ED1F21C09}.Publish|x86.ActiveCfg = Local|Any CPU
		{C427CB0D-E042-4FC3-9395-5B7ED1F21C09}.Release|Any CPU.ActiveCfg = Release|Any CPU
		{C427CB0D-E042-4FC3-9395-5B7ED1F21C09}.Release|Any CPU.Build.0 = Release|Any CPU
		{C427CB0D-E042-4FC3-9395-5B7ED1F21C09}.Release|Mixed Platforms.ActiveCfg = Release|Any CPU
		{C427CB0D-E042-4FC3-9395-5B7ED1F21C09}.Release|Mixed Platforms.Build.0 = Release|Any CPU
		{C427CB0D-E042-4FC3-9395-5B7ED1F21C09}.Release|x86.ActiveCfg = Release|Any CPU
		{C427CB0D-E042-4FC3-9395-5B7ED1F21C09}.uStore|Any CPU.ActiveCfg = uStore|Any CPU
		{C427CB0D-E042-4FC3-9395-5B7ED1F21C09}.uStore|Any CPU.Build.0 = uStore|Any CPU
		{C427CB0D-E042-4FC3-9395-5B7ED1F21C09}.uStore|Mixed Platforms.ActiveCfg = uStore|Any CPU
		{C427CB0D-E042-4FC3-9395-5B7ED1F21C09}.uStore|Mixed Platforms.Build.0 = uStore|Any CPU
		{C427CB0D-E042-4FC3-9395-5B7ED1F21C09}.uStore|x86.ActiveCfg = uStore|Any CPU
		{DFB9ECA4-E67F-4AAC-B6B1-9358075BB61E}.Debug|Any CPU.ActiveCfg = Debug|Any CPU
		{DFB9ECA4-E67F-4AAC-B6B1-9358075BB61E}.Debug|Any CPU.Build.0 = Debug|Any CPU
		{DFB9ECA4-E67F-4AAC-B6B1-9358075BB61E}.Debug|Mixed Platforms.ActiveCfg = Debug|Any CPU
		{DFB9ECA4-E67F-4AAC-B6B1-9358075BB61E}.Debug|Mixed Platforms.Build.0 = Debug|Any CPU
		{DFB9ECA4-E67F-4AAC-B6B1-9358075BB61E}.Debug|x86.ActiveCfg = Debug|Any CPU
		{DFB9ECA4-E67F-4AAC-B6B1-9358075BB61E}.Publish|Any CPU.ActiveCfg = Local|Any CPU
		{DFB9ECA4-E67F-4AAC-B6B1-9358075BB61E}.Publish|Any CPU.Build.0 = Local|Any CPU
		{DFB9ECA4-E67F-4AAC-B6B1-9358075BB61E}.Publish|Mixed Platforms.ActiveCfg = Local|Any CPU
		{DFB9ECA4-E67F-4AAC-B6B1-9358075BB61E}.Publish|Mixed Platforms.Build.0 = Local|Any CPU
		{DFB9ECA4-E67F-4AAC-B6B1-9358075BB61E}.Publish|x86.ActiveCfg = Local|Any CPU
		{DFB9ECA4-E67F-4AAC-B6B1-9358075BB61E}.Release|Any CPU.ActiveCfg = Release|Any CPU
		{DFB9ECA4-E67F-4AAC-B6B1-9358075BB61E}.Release|Any CPU.Build.0 = Release|Any CPU
		{DFB9ECA4-E67F-4AAC-B6B1-9358075BB61E}.Release|Mixed Platforms.ActiveCfg = Release|Any CPU
		{DFB9ECA4-E67F-4AAC-B6B1-9358075BB61E}.Release|Mixed Platforms.Build.0 = Release|Any CPU
		{DFB9ECA4-E67F-4AAC-B6B1-9358075BB61E}.Release|x86.ActiveCfg = Release|Any CPU
		{DFB9ECA4-E67F-4AAC-B6B1-9358075BB61E}.uStore|Any CPU.ActiveCfg = uStore|Any CPU
		{DFB9ECA4-E67F-4AAC-B6B1-9358075BB61E}.uStore|Any CPU.Build.0 = uStore|Any CPU
		{DFB9ECA4-E67F-4AAC-B6B1-9358075BB61E}.uStore|Mixed Platforms.ActiveCfg = uStore|Any CPU
		{DFB9ECA4-E67F-4AAC-B6B1-9358075BB61E}.uStore|Mixed Platforms.Build.0 = uStore|Any CPU
		{DFB9ECA4-E67F-4AAC-B6B1-9358075BB61E}.uStore|x86.ActiveCfg = uStore|Any CPU
		{F9FEDAB2-CD5A-41EF-A819-5F54FFEC3F6E}.Debug|Any CPU.ActiveCfg = Debug|Any CPU
		{F9FEDAB2-CD5A-41EF-A819-5F54FFEC3F6E}.Debug|Any CPU.Build.0 = Debug|Any CPU
		{F9FEDAB2-CD5A-41EF-A819-5F54FFEC3F6E}.Debug|Mixed Platforms.ActiveCfg = Debug|Any CPU
		{F9FEDAB2-CD5A-41EF-A819-5F54FFEC3F6E}.Debug|Mixed Platforms.Build.0 = Debug|Any CPU
		{F9FEDAB2-CD5A-41EF-A819-5F54FFEC3F6E}.Debug|x86.ActiveCfg = Debug|Any CPU
		{F9FEDAB2-CD5A-41EF-A819-5F54FFEC3F6E}.Publish|Any CPU.ActiveCfg = Release|Any CPU
		{F9FEDAB2-CD5A-41EF-A819-5F54FFEC3F6E}.Publish|Any CPU.Build.0 = Release|Any CPU
		{F9FEDAB2-CD5A-41EF-A819-5F54FFEC3F6E}.Publish|Mixed Platforms.ActiveCfg = Release|Any CPU
		{F9FEDAB2-CD5A-41EF-A819-5F54FFEC3F6E}.Publish|Mixed Platforms.Build.0 = Release|Any CPU
		{F9FEDAB2-CD5A-41EF-A819-5F54FFEC3F6E}.Publish|x86.ActiveCfg = Release|Any CPU
		{F9FEDAB2-CD5A-41EF-A819-5F54FFEC3F6E}.Release|Any CPU.ActiveCfg = Release|Any CPU
		{F9FEDAB2-CD5A-41EF-A819-5F54FFEC3F6E}.Release|Mixed Platforms.ActiveCfg = Release|Any CPU
		{F9FEDAB2-CD5A-41EF-A819-5F54FFEC3F6E}.Release|Mixed Platforms.Build.0 = Release|Any CPU
		{F9FEDAB2-CD5A-41EF-A819-5F54FFEC3F6E}.Release|x86.ActiveCfg = Release|Any CPU
		{F9FEDAB2-CD5A-41EF-A819-5F54FFEC3F6E}.uStore|Any CPU.ActiveCfg = uStore|Any CPU
		{F9FEDAB2-CD5A-41EF-A819-5F54FFEC3F6E}.uStore|Any CPU.Build.0 = uStore|Any CPU
		{F9FEDAB2-CD5A-41EF-A819-5F54FFEC3F6E}.uStore|Mixed Platforms.ActiveCfg = uStore|Any CPU
		{F9FEDAB2-CD5A-41EF-A819-5F54FFEC3F6E}.uStore|Mixed Platforms.Build.0 = uStore|Any CPU
		{F9FEDAB2-CD5A-41EF-A819-5F54FFEC3F6E}.uStore|x86.ActiveCfg = uStore|Any CPU
		{87286F2E-8CB2-484D-B9CF-87EA382E2BCE}.Debug|Any CPU.ActiveCfg = Debug|Any CPU
		{87286F2E-8CB2-484D-B9CF-87EA382E2BCE}.Debug|Any CPU.Build.0 = Debug|Any CPU
		{87286F2E-8CB2-484D-B9CF-87EA382E2BCE}.Debug|Mixed Platforms.ActiveCfg = Debug|Any CPU
		{87286F2E-8CB2-484D-B9CF-87EA382E2BCE}.Debug|Mixed Platforms.Build.0 = Debug|Any CPU
		{87286F2E-8CB2-484D-B9CF-87EA382E2BCE}.Debug|x86.ActiveCfg = Debug|Any CPU
		{87286F2E-8CB2-484D-B9CF-87EA382E2BCE}.Publish|Any CPU.ActiveCfg = Release|Any CPU
		{87286F2E-8CB2-484D-B9CF-87EA382E2BCE}.Publish|Any CPU.Build.0 = Release|Any CPU
		{87286F2E-8CB2-484D-B9CF-87EA382E2BCE}.Publish|Mixed Platforms.ActiveCfg = Release|Any CPU
		{87286F2E-8CB2-484D-B9CF-87EA382E2BCE}.Publish|Mixed Platforms.Build.0 = Release|Any CPU
		{87286F2E-8CB2-484D-B9CF-87EA382E2BCE}.Publish|x86.ActiveCfg = Release|Any CPU
		{87286F2E-8CB2-484D-B9CF-87EA382E2BCE}.Release|Any CPU.ActiveCfg = Release|Any CPU
		{87286F2E-8CB2-484D-B9CF-87EA382E2BCE}.Release|Any CPU.Build.0 = Release|Any CPU
		{87286F2E-8CB2-484D-B9CF-87EA382E2BCE}.Release|Mixed Platforms.ActiveCfg = Release|Any CPU
		{87286F2E-8CB2-484D-B9CF-87EA382E2BCE}.Release|Mixed Platforms.Build.0 = Release|Any CPU
		{87286F2E-8CB2-484D-B9CF-87EA382E2BCE}.Release|x86.ActiveCfg = Release|Any CPU
		{87286F2E-8CB2-484D-B9CF-87EA382E2BCE}.uStore|Any CPU.ActiveCfg = uStore|Any CPU
		{87286F2E-8CB2-484D-B9CF-87EA382E2BCE}.uStore|Any CPU.Build.0 = uStore|Any CPU
		{87286F2E-8CB2-484D-B9CF-87EA382E2BCE}.uStore|Mixed Platforms.ActiveCfg = uStore|Any CPU
		{87286F2E-8CB2-484D-B9CF-87EA382E2BCE}.uStore|Mixed Platforms.Build.0 = uStore|Any CPU
		{87286F2E-8CB2-484D-B9CF-87EA382E2BCE}.uStore|x86.ActiveCfg = uStore|Any CPU
		{0029332A-3B50-49AE-9FEB-8329A99AE4AA}.Debug|Any CPU.ActiveCfg = Debug|Any CPU
		{0029332A-3B50-49AE-9FEB-8329A99AE4AA}.Debug|Any CPU.Build.0 = Debug|Any CPU
		{0029332A-3B50-49AE-9FEB-8329A99AE4AA}.Debug|Mixed Platforms.ActiveCfg = Debug|Any CPU
		{0029332A-3B50-49AE-9FEB-8329A99AE4AA}.Debug|Mixed Platforms.Build.0 = Debug|Any CPU
		{0029332A-3B50-49AE-9FEB-8329A99AE4AA}.Debug|x86.ActiveCfg = Debug|Any CPU
		{0029332A-3B50-49AE-9FEB-8329A99AE4AA}.Publish|Any CPU.ActiveCfg = Release|Any CPU
		{0029332A-3B50-49AE-9FEB-8329A99AE4AA}.Publish|Any CPU.Build.0 = Release|Any CPU
		{0029332A-3B50-49AE-9FEB-8329A99AE4AA}.Publish|Mixed Platforms.ActiveCfg = Release|Any CPU
		{0029332A-3B50-49AE-9FEB-8329A99AE4AA}.Publish|Mixed Platforms.Build.0 = Release|Any CPU
		{0029332A-3B50-49AE-9FEB-8329A99AE4AA}.Publish|x86.ActiveCfg = Release|Any CPU
		{0029332A-3B50-49AE-9FEB-8329A99AE4AA}.Release|Any CPU.ActiveCfg = Release|Any CPU
		{0029332A-3B50-49AE-9FEB-8329A99AE4AA}.Release|Any CPU.Build.0 = Release|Any CPU
		{0029332A-3B50-49AE-9FEB-8329A99AE4AA}.Release|Mixed Platforms.ActiveCfg = Release|Any CPU
		{0029332A-3B50-49AE-9FEB-8329A99AE4AA}.Release|Mixed Platforms.Build.0 = Release|Any CPU
		{0029332A-3B50-49AE-9FEB-8329A99AE4AA}.Release|x86.ActiveCfg = Release|Any CPU
		{0029332A-3B50-49AE-9FEB-8329A99AE4AA}.uStore|Any CPU.ActiveCfg = uStore|Any CPU
		{0029332A-3B50-49AE-9FEB-8329A99AE4AA}.uStore|Any CPU.Build.0 = uStore|Any CPU
		{0029332A-3B50-49AE-9FEB-8329A99AE4AA}.uStore|Mixed Platforms.ActiveCfg = uStore|Any CPU
		{0029332A-3B50-49AE-9FEB-8329A99AE4AA}.uStore|Mixed Platforms.Build.0 = uStore|Any CPU
		{0029332A-3B50-49AE-9FEB-8329A99AE4AA}.uStore|x86.ActiveCfg = uStore|Any CPU
		{990A7A56-F875-431B-BAF2-0DC5F906AC60}.Debug|Any CPU.ActiveCfg = Debug|Any CPU
		{990A7A56-F875-431B-BAF2-0DC5F906AC60}.Debug|Any CPU.Build.0 = Debug|Any CPU
		{990A7A56-F875-431B-BAF2-0DC5F906AC60}.Debug|Mixed Platforms.ActiveCfg = Debug|Any CPU
		{990A7A56-F875-431B-BAF2-0DC5F906AC60}.Debug|Mixed Platforms.Build.0 = Debug|Any CPU
		{990A7A56-F875-431B-BAF2-0DC5F906AC60}.Debug|x86.ActiveCfg = Debug|Any CPU
		{990A7A56-F875-431B-BAF2-0DC5F906AC60}.Publish|Any CPU.ActiveCfg = Release|Any CPU
		{990A7A56-F875-431B-BAF2-0DC5F906AC60}.Publish|Any CPU.Build.0 = Release|Any CPU
		{990A7A56-F875-431B-BAF2-0DC5F906AC60}.Publish|Mixed Platforms.ActiveCfg = Release|Any CPU
		{990A7A56-F875-431B-BAF2-0DC5F906AC60}.Publish|Mixed Platforms.Build.0 = Release|Any CPU
		{990A7A56-F875-431B-BAF2-0DC5F906AC60}.Publish|x86.ActiveCfg = Release|Any CPU
		{990A7A56-F875-431B-BAF2-0DC5F906AC60}.Release|Any CPU.ActiveCfg = Release|Any CPU
		{990A7A56-F875-431B-BAF2-0DC5F906AC60}.Release|Any CPU.Build.0 = Release|Any CPU
		{990A7A56-F875-431B-BAF2-0DC5F906AC60}.Release|Mixed Platforms.ActiveCfg = Release|Any CPU
		{990A7A56-F875-431B-BAF2-0DC5F906AC60}.Release|Mixed Platforms.Build.0 = Release|Any CPU
		{990A7A56-F875-431B-BAF2-0DC5F906AC60}.Release|x86.ActiveCfg = Release|Any CPU
		{990A7A56-F875-431B-BAF2-0DC5F906AC60}.uStore|Any CPU.ActiveCfg = uStore|Any CPU
		{990A7A56-F875-431B-BAF2-0DC5F906AC60}.uStore|Any CPU.Build.0 = uStore|Any CPU
		{990A7A56-F875-431B-BAF2-0DC5F906AC60}.uStore|Mixed Platforms.ActiveCfg = uStore|Any CPU
		{990A7A56-F875-431B-BAF2-0DC5F906AC60}.uStore|Mixed Platforms.Build.0 = uStore|Any CPU
		{990A7A56-F875-431B-BAF2-0DC5F906AC60}.uStore|x86.ActiveCfg = uStore|Any CPU
		{74D4C33F-7CC8-4B2A-A7DF-D8B6E63B6EBD}.Debug|Any CPU.ActiveCfg = Debug|Any CPU
		{74D4C33F-7CC8-4B2A-A7DF-D8B6E63B6EBD}.Debug|Any CPU.Build.0 = Debug|Any CPU
		{74D4C33F-7CC8-4B2A-A7DF-D8B6E63B6EBD}.Debug|Mixed Platforms.ActiveCfg = Debug|Any CPU
		{74D4C33F-7CC8-4B2A-A7DF-D8B6E63B6EBD}.Debug|Mixed Platforms.Build.0 = Debug|Any CPU
		{74D4C33F-7CC8-4B2A-A7DF-D8B6E63B6EBD}.Debug|x86.ActiveCfg = Debug|Any CPU
		{74D4C33F-7CC8-4B2A-A7DF-D8B6E63B6EBD}.Publish|Any CPU.ActiveCfg = Publish|Any CPU
		{74D4C33F-7CC8-4B2A-A7DF-D8B6E63B6EBD}.Publish|Any CPU.Build.0 = Publish|Any CPU
		{74D4C33F-7CC8-4B2A-A7DF-D8B6E63B6EBD}.Publish|Mixed Platforms.ActiveCfg = Publish|Any CPU
		{74D4C33F-7CC8-4B2A-A7DF-D8B6E63B6EBD}.Publish|Mixed Platforms.Build.0 = Publish|Any CPU
		{74D4C33F-7CC8-4B2A-A7DF-D8B6E63B6EBD}.Publish|x86.ActiveCfg = Publish|Any CPU
		{74D4C33F-7CC8-4B2A-A7DF-D8B6E63B6EBD}.Release|Any CPU.ActiveCfg = Release|Any CPU
		{74D4C33F-7CC8-4B2A-A7DF-D8B6E63B6EBD}.Release|Any CPU.Build.0 = Release|Any CPU
		{74D4C33F-7CC8-4B2A-A7DF-D8B6E63B6EBD}.Release|Mixed Platforms.ActiveCfg = Release|Any CPU
		{74D4C33F-7CC8-4B2A-A7DF-D8B6E63B6EBD}.Release|Mixed Platforms.Build.0 = Release|Any CPU
		{74D4C33F-7CC8-4B2A-A7DF-D8B6E63B6EBD}.Release|x86.ActiveCfg = Release|Any CPU
		{74D4C33F-7CC8-4B2A-A7DF-D8B6E63B6EBD}.uStore|Any CPU.ActiveCfg = uStore|Any CPU
		{74D4C33F-7CC8-4B2A-A7DF-D8B6E63B6EBD}.uStore|Any CPU.Build.0 = uStore|Any CPU
		{74D4C33F-7CC8-4B2A-A7DF-D8B6E63B6EBD}.uStore|Mixed Platforms.ActiveCfg = uStore|Any CPU
		{74D4C33F-7CC8-4B2A-A7DF-D8B6E63B6EBD}.uStore|Mixed Platforms.Build.0 = uStore|Any CPU
		{74D4C33F-7CC8-4B2A-A7DF-D8B6E63B6EBD}.uStore|x86.ActiveCfg = uStore|Any CPU
	EndGlobalSection
	GlobalSection(SolutionProperties) = preSolution
		HideSolutionNode = FALSE
	EndGlobalSection
	GlobalSection(TestCaseManagementSettings) = postSolution
		CategoryFile = eStore3C.vsmdi
	EndGlobalSection
EndGlobal
